
Microsoft Visual Studio Solution File, Format Version 12.00
# Visual Studio Version 17
VisualStudioVersion = 17.0.31903.59
MinimumVisualStudioVersion = 10.0.40219.1
Project("{2150E333-8FDC-42A3-9474-1A3956D46DE8}") = "Src", "Src", "{9251A8F8-6B77-4A7F-910B-87736DEE76F1}"
EndProject
Project("{2150E333-8FDC-42A3-9474-1A3956D46DE8}") = "Catalog", "Catalog", "{032C9784-7471-4827-9AAC-1CE810BCAA34}"
EndProject
Project("{FAE04EC0-301F-11D3-BF4B-00C04F79EFBC}") = "SupplyNest.Catalog.Api", "Src\Catalog\SupplyNest.Catalog.Api\SupplyNest.Catalog.Api.csproj", "{A189F40F-1B30-4DF3-AD3E-E384A4FD0418}"
EndProject
Project("{2150E333-8FDC-42A3-9474-1A3956D46DE8}") = "Solution Items", "Solution Items", "{2219F946-B9C4-46F4-AEF7-58FAC7983856}"
	ProjectSection(SolutionItems) = preProject
		docker-compose.yml = docker-compose.yml
	EndProjectSection
EndProject
Project("{2150E333-8FDC-42A3-9474-1A3956D46DE8}") = "Inventories", "Inventories", "{77F53225-ACBA-4C8D-AE50-DC03230EFE61}"
EndProject
Project("{FAE04EC0-301F-11D3-BF4B-00C04F79EFBC}") = "SupplyNest.Inventory.Api", "Src\Inventory\SupplyNest.Inventory.Api\SupplyNest.Inventory.Api.csproj", "{06CF1317-4FAF-46D8-987E-17FB15279761}"
EndProject
Project("{2150E333-8FDC-42A3-9474-1A3956D46DE8}") = "Warehouses", "Warehouses", "{BDDA1D7D-4FBA-40B5-A505-64AA676E7CC3}"
EndProject
Project("{FAE04EC0-301F-11D3-BF4B-00C04F79EFBC}") = "SupplyNest.Warehouse.Api", "Src\Warehouses\SupplyNest.Warehouse.Api\SupplyNest.Warehouse.Api.csproj", "{17E17DB9-3757-49E4-BF8E-9FD482857A55}"
EndProject
Project("{2150E333-8FDC-42A3-9474-1A3956D46DE8}") = "BuildingBlocks", "BuildingBlocks", "{2DFB7025-FEE6-4297-963B-D4949F2928CC}"
EndProject
Project("{FAE04EC0-301F-11D3-BF4B-00C04F79EFBC}") = "BuildingBlocks.Messaging", "Src\BuildingBlocks\BuildingBlocks.Messaging\BuildingBlocks.Messaging.csproj", "{456A354D-FB7A-40FF-AAA6-1B5AF3B9EA79}"
EndProject
Project("{FAE04EC0-301F-11D3-BF4B-00C04F79EFBC}") = "BuldingBlocks.Application", "Src\BuildingBlocks\BuildingBlocks.Application\BuldingBlocks.Application\BuldingBlocks.Application.csproj", "{8BF60830-BBB4-4F0A-861C-5EA6082C66F4}"
EndProject
Project("{FAE04EC0-301F-11D3-BF4B-00C04F79EFBC}") = "BuildingBlocks.Infrastructure", "Src\BuildingBlocks\BuildingBlocks.Infrastructure\BuildingBlocks.Infrastructure\BuildingBlocks.Infrastructure.csproj", "{D9A47AB9-B87D-427D-8A0B-A8FD91E8155F}"
EndProject
Global
	GlobalSection(SolutionConfigurationPlatforms) = preSolution
		Debug|Any CPU = Debug|Any CPU
		Release|Any CPU = Release|Any CPU
	EndGlobalSection
	GlobalSection(SolutionProperties) = preSolution
		HideSolutionNode = FALSE
	EndGlobalSection
	GlobalSection(NestedProjects) = preSolution
		{032C9784-7471-4827-9AAC-1CE810BCAA34} = {9251A8F8-6B77-4A7F-910B-87736DEE76F1}
		{A189F40F-1B30-4DF3-AD3E-E384A4FD0418} = {032C9784-7471-4827-9AAC-1CE810BCAA34}
		{77F53225-ACBA-4C8D-AE50-DC03230EFE61} = {9251A8F8-6B77-4A7F-910B-87736DEE76F1}
		{06CF1317-4FAF-46D8-987E-17FB15279761} = {77F53225-ACBA-4C8D-AE50-DC03230EFE61}
		{BDDA1D7D-4FBA-40B5-A505-64AA676E7CC3} = {9251A8F8-6B77-4A7F-910B-87736DEE76F1}
		{17E17DB9-3757-49E4-BF8E-9FD482857A55} = {BDDA1D7D-4FBA-40B5-A505-64AA676E7CC3}
		{2DFB7025-FEE6-4297-963B-D4949F2928CC} = {9251A8F8-6B77-4A7F-910B-87736DEE76F1}
		{456A354D-FB7A-40FF-AAA6-1B5AF3B9EA79} = {2DFB7025-FEE6-4297-963B-D4949F2928CC}
		{8BF60830-BBB4-4F0A-861C-5EA6082C66F4} = {2DFB7025-FEE6-4297-963B-D4949F2928CC}
		{D9A47AB9-B87D-427D-8A0B-A8FD91E8155F} = {2DFB7025-FEE6-4297-963B-D4949F2928CC}
	EndGlobalSection
	GlobalSection(ProjectConfigurationPlatforms) = postSolution
		{A189F40F-1B30-4DF3-AD3E-E384A4FD0418}.Debug|Any CPU.ActiveCfg = Debug|Any CPU
		{A189F40F-1B30-4DF3-AD3E-E384A4FD0418}.Debug|Any CPU.Build.0 = Debug|Any CPU
		{A189F40F-1B30-4DF3-AD3E-E384A4FD0418}.Release|Any CPU.ActiveCfg = Release|Any CPU
		{A189F40F-1B30-4DF3-AD3E-E384A4FD0418}.Release|Any CPU.Build.0 = Release|Any CPU
		{06CF1317-4FAF-46D8-987E-17FB15279761}.Debug|Any CPU.ActiveCfg = Debug|Any CPU
		{06CF1317-4FAF-46D8-987E-17FB15279761}.Debug|Any CPU.Build.0 = Debug|Any CPU
		{06CF1317-4FAF-46D8-987E-17FB15279761}.Release|Any CPU.ActiveCfg = Release|Any CPU
		{06CF1317-4FAF-46D8-987E-17FB15279761}.Release|Any CPU.Build.0 = Release|Any CPU
		{17E17DB9-3757-49E4-BF8E-9FD482857A55}.Debug|Any CPU.ActiveCfg = Debug|Any CPU
		{17E17DB9-3757-49E4-BF8E-9FD482857A55}.Debug|Any CPU.Build.0 = Debug|Any CPU
		{17E17DB9-3757-49E4-BF8E-9FD482857A55}.Release|Any CPU.ActiveCfg = Release|Any CPU
		{17E17DB9-3757-49E4-BF8E-9FD482857A55}.Release|Any CPU.Build.0 = Release|Any CPU
		{456A354D-FB7A-40FF-AAA6-1B5AF3B9EA79}.Debug|Any CPU.ActiveCfg = Debug|Any CPU
		{456A354D-FB7A-40FF-AAA6-1B5AF3B9EA79}.Debug|Any CPU.Build.0 = Debug|Any CPU
		{456A354D-FB7A-40FF-AAA6-1B5AF3B9EA79}.Release|Any CPU.ActiveCfg = Release|Any CPU
		{456A354D-FB7A-40FF-AAA6-1B5AF3B9EA79}.Release|Any CPU.Build.0 = Release|Any CPU
		{8BF60830-BBB4-4F0A-861C-5EA6082C66F4}.Debug|Any CPU.ActiveCfg = Debug|Any CPU
		{8BF60830-BBB4-4F0A-861C-5EA6082C66F4}.Debug|Any CPU.Build.0 = Debug|Any CPU
		{8BF60830-BBB4-4F0A-861C-5EA6082C66F4}.Release|Any CPU.ActiveCfg = Release|Any CPU
		{8BF60830-BBB4-4F0A-861C-5EA6082C66F4}.Release|Any CPU.Build.0 = Release|Any CPU
		{D9A47AB9-B87D-427D-8A0B-A8FD91E8155F}.Debug|Any CPU.ActiveCfg = Debug|Any CPU
		{D9A47AB9-B87D-427D-8A0B-A8FD91E8155F}.Debug|Any CPU.Build.0 = Debug|Any CPU
		{D9A47AB9-B87D-427D-8A0B-A8FD91E8155F}.Release|Any CPU.ActiveCfg = Release|Any CPU
		{D9A47AB9-B87D-427D-8A0B-A8FD91E8155F}.Release|Any CPU.Build.0 = Release|Any CPU
	EndGlobalSection
EndGlobal
